
Microsoft Visual Studio Solution File, Format Version 12.00
# Visual Studio 15
VisualStudioVersion = 15.0.28307.421
MinimumVisualStudioVersion = 10.0.40219.1
Project("{FAE04EC0-301F-11D3-BF4B-00C04F79EFBC}") = "KillImagineDragonz", "KillImagineDragonz\KillImagineDragonz.csproj", "{CA72343E-1CF8-4FA5-8E2B-44652F58A7F5}"
EndProject
Global
	GlobalSection(SolutionConfigurationPlatforms) = preSolution
		Debug|Any CPU = Debug|Any CPU
		Release|Any CPU = Release|Any CPU
	EndGlobalSection
	GlobalSection(ProjectConfigurationPlatforms) = postSolution
		{CA72343E-1CF8-4FA5-8E2B-44652F58A7F5}.Debug|Any CPU.ActiveCfg = Debug|Any CPU
		{CA72343E-1CF8-4FA5-8E2B-44652F58A7F5}.Debug|Any CPU.Build.0 = Debug|Any CPU
		{CA72343E-1CF8-4FA5-8E2B-44652F58A7F5}.Release|Any CPU.ActiveCfg = Release|Any CPU
		{CA72343E-1CF8-4FA5-8E2B-44652F58A7F5}.Release|Any CPU.Build.0 = Release|Any CPU
	EndGlobalSection
	GlobalSection(SolutionProperties) = preSolution
		HideSolutionNode = FALSE
	EndGlobalSection
	GlobalSection(ExtensibilityGlobals) = postSolution
		SolutionGuid = {91258D17-444B-42BD-8CB3-1D7A89C30CED}
	EndGlobalSection
EndGlobal
